// !$*UTF8*$!
{
	archiveVersion = 1;
	classes = {
	};
	objectVersion = 56;
	objects = {

/* Begin PBXBuildFile section */
		0B076D1E2BEAC66A00EB4063 /* NowPlayingView.swift in Sources */ = {isa = PBXBuildFile; fileRef = 0B076D1D2BEAC66A00EB4063 /* NowPlayingView.swift */; };
		0B31F79C2C40BA7F00AE48C6 /* ArtworkFeed.swift in Sources */ = {isa = PBXBuildFile; fileRef = 0B31F79B2C40BA7F00AE48C6 /* ArtworkFeed.swift */; };
		0B36D00B2C3FAF3200C2C1D5 /* ClipCardView.swift in Sources */ = {isa = PBXBuildFile; fileRef = 0B36D00A2C3FAF3200C2C1D5 /* ClipCardView.swift */; };
		0B36D0112C3FB69E00C2C1D5 /* ColorKit in Frameworks */ = {isa = PBXBuildFile; productRef = 0B36D0102C3FB69E00C2C1D5 /* ColorKit */; };
		0B4E983A2BED78B800B8FDB9 /* Artwork.swift in Sources */ = {isa = PBXBuildFile; fileRef = 0B4E98392BED78B800B8FDB9 /* Artwork.swift */; };
		0B7D3A9C2BF7DEDC003A3B95 /* NowPlayingSheet.swift in Sources */ = {isa = PBXBuildFile; fileRef = 0B7D3A9B2BF7DEDC003A3B95 /* NowPlayingSheet.swift */; };
		0B7D3AA22BFC42D7003A3B95 /* FeedModel.swift in Sources */ = {isa = PBXBuildFile; fileRef = 0B7D3AA12BFC42D7003A3B95 /* FeedModel.swift */; };
		0B7D3AA42BFC5253003A3B95 /* FeedService.swift in Sources */ = {isa = PBXBuildFile; fileRef = 0B7D3AA32BFC5253003A3B95 /* FeedService.swift */; };
		0B7D3AA62BFD0AED003A3B95 /* CustomDate.swift in Sources */ = {isa = PBXBuildFile; fileRef = 0B7D3AA52BFD0AEC003A3B95 /* CustomDate.swift */; };
		0B7D3AAB2BFD5B12003A3B95 /* AudioManager.swift in Sources */ = {isa = PBXBuildFile; fileRef = 0B7D3AAA2BFD5B12003A3B95 /* AudioManager.swift */; };
		0B7D3AAD2BFD704B003A3B95 /* NowPlayingHelper.swift in Sources */ = {isa = PBXBuildFile; fileRef = 0B7D3AAC2BFD704B003A3B95 /* NowPlayingHelper.swift */; };
		0B7D3AAF2BFE648A003A3B95 /* FeedView.swift in Sources */ = {isa = PBXBuildFile; fileRef = 0B7D3AAE2BFE648A003A3B95 /* FeedView.swift */; };
		0B7D3AB52BFE7B8B003A3B95 /* LoginView.swift in Sources */ = {isa = PBXBuildFile; fileRef = 0B7D3AB42BFE7B8B003A3B95 /* LoginView.swift */; };
		0BA3FAED2C46FD0E006B9FC9 /* ArtworkCache.swift in Sources */ = {isa = PBXBuildFile; fileRef = 0BA3FAEC2C46FD0E006B9FC9 /* ArtworkCache.swift */; };
		0BAEC7932C38DF4D007A0343 /* Models.swift in Sources */ = {isa = PBXBuildFile; fileRef = 0BAEC7922C38DF4D007A0343 /* Models.swift */; };
		0BB3083C2BE94A0000EB2494 /* CodecApp.swift in Sources */ = {isa = PBXBuildFile; fileRef = 0BB3083B2BE94A0000EB2494 /* CodecApp.swift */; };
		0BB3083E2BE94A0000EB2494 /* ContentView.swift in Sources */ = {isa = PBXBuildFile; fileRef = 0BB3083D2BE94A0000EB2494 /* ContentView.swift */; };
		0BB308422BE94A0100EB2494 /* Assets.xcassets in Resources */ = {isa = PBXBuildFile; fileRef = 0BB308412BE94A0100EB2494 /* Assets.xcassets */; };
		0BB308462BE94A0100EB2494 /* Preview Assets.xcassets in Resources */ = {isa = PBXBuildFile; fileRef = 0BB308452BE94A0100EB2494 /* Preview Assets.xcassets */; };
		0BB49B542C361E3F00D29B69 /* RSSParserDelegate.swift in Sources */ = {isa = PBXBuildFile; fileRef = 0BB49B532C361E3F00D29B69 /* RSSParserDelegate.swift */; };
		0BB49B582C387B7E00D29B69 /* ProfileView.swift in Sources */ = {isa = PBXBuildFile; fileRef = 0BB49B572C387B7E00D29B69 /* ProfileView.swift */; };
		0BB49B5A2C387B9700D29B69 /* FollowingSection.swift in Sources */ = {isa = PBXBuildFile; fileRef = 0BB49B592C387B9700D29B69 /* FollowingSection.swift */; };
		0BB49B5E2C387BBF00D29B69 /* TopicsSection.swift in Sources */ = {isa = PBXBuildFile; fileRef = 0BB49B5D2C387BBF00D29B69 /* TopicsSection.swift */; };
		0BB49B602C387C0100D29B69 /* ActionSection.swift in Sources */ = {isa = PBXBuildFile; fileRef = 0BB49B5F2C387C0100D29B69 /* ActionSection.swift */; };
		0BB49B622C38870E00D29B69 /* SearchView.swift in Sources */ = {isa = PBXBuildFile; fileRef = 0BB49B612C38870E00D29B69 /* SearchView.swift */; };
		0BB49B642C38D1F600D29B69 /* ViewTracker.swift in Sources */ = {isa = PBXBuildFile; fileRef = 0BB49B632C38D1F600D29B69 /* ViewTracker.swift */; };
		0BB49B662C38D22A00D29B69 /* ArtworkLoader.swift in Sources */ = {isa = PBXBuildFile; fileRef = 0BB49B652C38D22A00D29B69 /* ArtworkLoader.swift */; };
/* End PBXBuildFile section */

/* Begin PBXFileReference section */
		0B076D1D2BEAC66A00EB4063 /* NowPlayingView.swift */ = {isa = PBXFileReference; lastKnownFileType = sourcecode.swift; path = NowPlayingView.swift; sourceTree = "<group>"; };
		0B31F79B2C40BA7F00AE48C6 /* ArtworkFeed.swift */ = {isa = PBXFileReference; lastKnownFileType = sourcecode.swift; path = ArtworkFeed.swift; sourceTree = "<group>"; };
		0B36D00A2C3FAF3200C2C1D5 /* ClipCardView.swift */ = {isa = PBXFileReference; lastKnownFileType = sourcecode.swift; path = ClipCardView.swift; sourceTree = "<group>"; };
		0B4E98392BED78B800B8FDB9 /* Artwork.swift */ = {isa = PBXFileReference; lastKnownFileType = sourcecode.swift; path = Artwork.swift; sourceTree = "<group>"; };
		0B7D3A9B2BF7DEDC003A3B95 /* NowPlayingSheet.swift */ = {isa = PBXFileReference; lastKnownFileType = sourcecode.swift; path = NowPlayingSheet.swift; sourceTree = "<group>"; };
		0B7D3AA12BFC42D7003A3B95 /* FeedModel.swift */ = {isa = PBXFileReference; lastKnownFileType = sourcecode.swift; path = FeedModel.swift; sourceTree = "<group>"; };
		0B7D3AA32BFC5253003A3B95 /* FeedService.swift */ = {isa = PBXFileReference; lastKnownFileType = sourcecode.swift; path = FeedService.swift; sourceTree = "<group>"; };
		0B7D3AA52BFD0AEC003A3B95 /* CustomDate.swift */ = {isa = PBXFileReference; lastKnownFileType = sourcecode.swift; path = CustomDate.swift; sourceTree = "<group>"; };
		0B7D3AA72BFD4385003A3B95 /* Info.plist */ = {isa = PBXFileReference; lastKnownFileType = text.plist; path = Info.plist; sourceTree = "<group>"; };
		0B7D3AAA2BFD5B12003A3B95 /* AudioManager.swift */ = {isa = PBXFileReference; lastKnownFileType = sourcecode.swift; path = AudioManager.swift; sourceTree = "<group>"; };
		0B7D3AAC2BFD704B003A3B95 /* NowPlayingHelper.swift */ = {isa = PBXFileReference; lastKnownFileType = sourcecode.swift; path = NowPlayingHelper.swift; sourceTree = "<group>"; };
		0B7D3AAE2BFE648A003A3B95 /* FeedView.swift */ = {isa = PBXFileReference; lastKnownFileType = sourcecode.swift; path = FeedView.swift; sourceTree = "<group>"; };
		0B7D3AB42BFE7B8B003A3B95 /* LoginView.swift */ = {isa = PBXFileReference; lastKnownFileType = sourcecode.swift; path = LoginView.swift; sourceTree = "<group>"; };
		0BA3FAEC2C46FD0E006B9FC9 /* ArtworkCache.swift */ = {isa = PBXFileReference; lastKnownFileType = sourcecode.swift; path = ArtworkCache.swift; sourceTree = "<group>"; };
		0BAEC7922C38DF4D007A0343 /* Models.swift */ = {isa = PBXFileReference; lastKnownFileType = sourcecode.swift; path = Models.swift; sourceTree = "<group>"; };
		0BB308382BE94A0000EB2494 /* Codec.app */ = {isa = PBXFileReference; explicitFileType = wrapper.application; includeInIndex = 0; path = Codec.app; sourceTree = BUILT_PRODUCTS_DIR; };
		0BB3083B2BE94A0000EB2494 /* CodecApp.swift */ = {isa = PBXFileReference; lastKnownFileType = sourcecode.swift; path = CodecApp.swift; sourceTree = "<group>"; };
		0BB3083D2BE94A0000EB2494 /* ContentView.swift */ = {isa = PBXFileReference; lastKnownFileType = sourcecode.swift; path = ContentView.swift; sourceTree = "<group>"; };
		0BB308412BE94A0100EB2494 /* Assets.xcassets */ = {isa = PBXFileReference; lastKnownFileType = folder.assetcatalog; path = Assets.xcassets; sourceTree = "<group>"; };
		0BB308432BE94A0100EB2494 /* Codec.entitlements */ = {isa = PBXFileReference; lastKnownFileType = text.plist.entitlements; path = Codec.entitlements; sourceTree = "<group>"; };
		0BB308452BE94A0100EB2494 /* Preview Assets.xcassets */ = {isa = PBXFileReference; lastKnownFileType = folder.assetcatalog; path = "Preview Assets.xcassets"; sourceTree = "<group>"; };
		0BB49B532C361E3F00D29B69 /* RSSParserDelegate.swift */ = {isa = PBXFileReference; lastKnownFileType = sourcecode.swift; path = RSSParserDelegate.swift; sourceTree = "<group>"; };
		0BB49B572C387B7E00D29B69 /* ProfileView.swift */ = {isa = PBXFileReference; lastKnownFileType = sourcecode.swift; path = ProfileView.swift; sourceTree = "<group>"; };
		0BB49B592C387B9700D29B69 /* FollowingSection.swift */ = {isa = PBXFileReference; lastKnownFileType = sourcecode.swift; path = FollowingSection.swift; sourceTree = "<group>"; };
		0BB49B5D2C387BBF00D29B69 /* TopicsSection.swift */ = {isa = PBXFileReference; lastKnownFileType = sourcecode.swift; path = TopicsSection.swift; sourceTree = "<group>"; };
		0BB49B5F2C387C0100D29B69 /* ActionSection.swift */ = {isa = PBXFileReference; lastKnownFileType = sourcecode.swift; path = ActionSection.swift; sourceTree = "<group>"; };
		0BB49B612C38870E00D29B69 /* SearchView.swift */ = {isa = PBXFileReference; lastKnownFileType = sourcecode.swift; path = SearchView.swift; sourceTree = "<group>"; };
		0BB49B632C38D1F600D29B69 /* ViewTracker.swift */ = {isa = PBXFileReference; lastKnownFileType = sourcecode.swift; path = ViewTracker.swift; sourceTree = "<group>"; };
		0BB49B652C38D22A00D29B69 /* ArtworkLoader.swift */ = {isa = PBXFileReference; lastKnownFileType = sourcecode.swift; path = ArtworkLoader.swift; sourceTree = "<group>"; };
/* End PBXFileReference section */

/* Begin PBXFrameworksBuildPhase section */
		0BB308352BE94A0000EB2494 /* Frameworks */ = {
			isa = PBXFrameworksBuildPhase;
			buildActionMask = 2147483647;
			files = (
				0B36D0112C3FB69E00C2C1D5 /* ColorKit in Frameworks */,
			);
			runOnlyForDeploymentPostprocessing = 0;
		};
/* End PBXFrameworksBuildPhase section */

/* Begin PBXGroup section */
		0B076D1A2BEAC46C00EB4063 /* Views */ = {
			isa = PBXGroup;
			children = (
				0BB49B562C387B6D00D29B69 /* Profile */,
				0B7D3AAE2BFE648A003A3B95 /* FeedView.swift */,
				0B076D1D2BEAC66A00EB4063 /* NowPlayingView.swift */,
				0B7D3A9B2BF7DEDC003A3B95 /* NowPlayingSheet.swift */,
				0B7D3AB42BFE7B8B003A3B95 /* LoginView.swift */,
				0B36D00A2C3FAF3200C2C1D5 /* ClipCardView.swift */,
				0B31F79B2C40BA7F00AE48C6 /* ArtworkFeed.swift */,
			);
			path = Views;
			sourceTree = "<group>";
		};
		0B4E98382BED78A600B8FDB9 /* Helpers */ = {
			isa = PBXGroup;
			children = (
				0B4E98392BED78B800B8FDB9 /* Artwork.swift */,
				0B7D3AA52BFD0AEC003A3B95 /* CustomDate.swift */,
				0B7D3AA32BFC5253003A3B95 /* FeedService.swift */,
				0B7D3AAA2BFD5B12003A3B95 /* AudioManager.swift */,
				0B7D3AAC2BFD704B003A3B95 /* NowPlayingHelper.swift */,
				0BB49B532C361E3F00D29B69 /* RSSParserDelegate.swift */,
				0BB49B632C38D1F600D29B69 /* ViewTracker.swift */,
				0BB49B652C38D22A00D29B69 /* ArtworkLoader.swift */,
				0BA3FAEC2C46FD0E006B9FC9 /* ArtworkCache.swift */,
			);
			path = Helpers;
			sourceTree = "<group>";
		};
		0BB3082F2BE94A0000EB2494 = {
			isa = PBXGroup;
			children = (
				0BB3083A2BE94A0000EB2494 /* Codec */,
				0BB308392BE94A0000EB2494 /* Products */,
			);
			sourceTree = "<group>";
		};
		0BB308392BE94A0000EB2494 /* Products */ = {
			isa = PBXGroup;
			children = (
				0BB308382BE94A0000EB2494 /* Codec.app */,
			);
			name = Products;
			sourceTree = "<group>";
		};
		0BB3083A2BE94A0000EB2494 /* Codec */ = {
			isa = PBXGroup;
			children = (
				0B7D3AA72BFD4385003A3B95 /* Info.plist */,
				0B4E98382BED78A600B8FDB9 /* Helpers */,
				0B076D1A2BEAC46C00EB4063 /* Views */,
				0BB3083B2BE94A0000EB2494 /* CodecApp.swift */,
				0BB3083D2BE94A0000EB2494 /* ContentView.swift */,
				0B7D3AA12BFC42D7003A3B95 /* FeedModel.swift */,
				0BAEC7922C38DF4D007A0343 /* Models.swift */,
				0BB308412BE94A0100EB2494 /* Assets.xcassets */,
				0BB308432BE94A0100EB2494 /* Codec.entitlements */,
				0BB308442BE94A0100EB2494 /* Preview Content */,
			);
			path = Codec;
			sourceTree = "<group>";
		};
		0BB308442BE94A0100EB2494 /* Preview Content */ = {
			isa = PBXGroup;
			children = (
				0BB308452BE94A0100EB2494 /* Preview Assets.xcassets */,
			);
			path = "Preview Content";
			sourceTree = "<group>";
		};
		0BB49B562C387B6D00D29B69 /* Profile */ = {
			isa = PBXGroup;
			children = (
				0BB49B572C387B7E00D29B69 /* ProfileView.swift */,
				0BB49B592C387B9700D29B69 /* FollowingSection.swift */,
				0BB49B5D2C387BBF00D29B69 /* TopicsSection.swift */,
				0BB49B5F2C387C0100D29B69 /* ActionSection.swift */,
				0BB49B612C38870E00D29B69 /* SearchView.swift */,
			);
			path = Profile;
			sourceTree = "<group>";
		};
/* End PBXGroup section */

/* Begin PBXNativeTarget section */
		0BB308372BE94A0000EB2494 /* Codec */ = {
			isa = PBXNativeTarget;
			buildConfigurationList = 0BB308492BE94A0100EB2494 /* Build configuration list for PBXNativeTarget "Codec" */;
			buildPhases = (
				0BB308342BE94A0000EB2494 /* Sources */,
				0BB308352BE94A0000EB2494 /* Frameworks */,
				0BB308362BE94A0000EB2494 /* Resources */,
			);
			buildRules = (
			);
			dependencies = (
			);
			name = Codec;
			packageProductDependencies = (
				0B36D0102C3FB69E00C2C1D5 /* ColorKit */,
			);
			productName = Codec;
			productReference = 0BB308382BE94A0000EB2494 /* Codec.app */;
			productType = "com.apple.product-type.application";
		};
/* End PBXNativeTarget section */

/* Begin PBXProject section */
		0BB308302BE94A0000EB2494 /* Project object */ = {
			isa = PBXProject;
			attributes = {
				BuildIndependentTargetsInParallel = 1;
				LastSwiftUpdateCheck = 1530;
				LastUpgradeCheck = 1540;
				TargetAttributes = {
					0BB308372BE94A0000EB2494 = {
						CreatedOnToolsVersion = 15.3;
					};
				};
			};
			buildConfigurationList = 0BB308332BE94A0000EB2494 /* Build configuration list for PBXProject "Codec" */;
			compatibilityVersion = "Xcode 14.0";
			developmentRegion = en;
			hasScannedForEncodings = 0;
			knownRegions = (
				en,
				Base,
			);
			mainGroup = 0BB3082F2BE94A0000EB2494;
			packageReferences = (
				0BC447A32BEC373800AD25AC /* XCRemoteSwiftPackageReference "ColorKit" */,
			);
			productRefGroup = 0BB308392BE94A0000EB2494 /* Products */;
			projectDirPath = "";
			projectRoot = "";
			targets = (
				0BB308372BE94A0000EB2494 /* Codec */,
			);
		};
/* End PBXProject section */

/* Begin PBXResourcesBuildPhase section */
		0BB308362BE94A0000EB2494 /* Resources */ = {
			isa = PBXResourcesBuildPhase;
			buildActionMask = 2147483647;
			files = (
				0BB308462BE94A0100EB2494 /* Preview Assets.xcassets in Resources */,
				0BB308422BE94A0100EB2494 /* Assets.xcassets in Resources */,
			);
			runOnlyForDeploymentPostprocessing = 0;
		};
/* End PBXResourcesBuildPhase section */

/* Begin PBXSourcesBuildPhase section */
		0BB308342BE94A0000EB2494 /* Sources */ = {
			isa = PBXSourcesBuildPhase;
			buildActionMask = 2147483647;
			files = (
				0BB49B622C38870E00D29B69 /* SearchView.swift in Sources */,
				0B31F79C2C40BA7F00AE48C6 /* ArtworkFeed.swift in Sources */,
				0B4E983A2BED78B800B8FDB9 /* Artwork.swift in Sources */,
				0B076D1E2BEAC66A00EB4063 /* NowPlayingView.swift in Sources */,
				0BB49B5E2C387BBF00D29B69 /* TopicsSection.swift in Sources */,
				0BB49B542C361E3F00D29B69 /* RSSParserDelegate.swift in Sources */,
				0BB3083E2BE94A0000EB2494 /* ContentView.swift in Sources */,
				0B7D3AB52BFE7B8B003A3B95 /* LoginView.swift in Sources */,
				0B7D3AAD2BFD704B003A3B95 /* NowPlayingHelper.swift in Sources */,
				0BB3083C2BE94A0000EB2494 /* CodecApp.swift in Sources */,
				0B7D3AA22BFC42D7003A3B95 /* FeedModel.swift in Sources */,
				0B7D3AAB2BFD5B12003A3B95 /* AudioManager.swift in Sources */,
				0BAEC7932C38DF4D007A0343 /* Models.swift in Sources */,
				0BB49B662C38D22A00D29B69 /* ArtworkLoader.swift in Sources */,
				0BB49B582C387B7E00D29B69 /* ProfileView.swift in Sources */,
				0B7D3AA42BFC5253003A3B95 /* FeedService.swift in Sources */,
				0B7D3AA62BFD0AED003A3B95 /* CustomDate.swift in Sources */,
				0B36D00B2C3FAF3200C2C1D5 /* ClipCardView.swift in Sources */,
				0BB49B602C387C0100D29B69 /* ActionSection.swift in Sources */,
				0BA3FAED2C46FD0E006B9FC9 /* ArtworkCache.swift in Sources */,
				0BB49B642C38D1F600D29B69 /* ViewTracker.swift in Sources */,
				0B7D3AAF2BFE648A003A3B95 /* FeedView.swift in Sources */,
				0BB49B5A2C387B9700D29B69 /* FollowingSection.swift in Sources */,
				0B7D3A9C2BF7DEDC003A3B95 /* NowPlayingSheet.swift in Sources */,
			);
			runOnlyForDeploymentPostprocessing = 0;
		};
/* End PBXSourcesBuildPhase section */

/* Begin XCBuildConfiguration section */
		0BB308472BE94A0100EB2494 /* Debug */ = {
			isa = XCBuildConfiguration;
			buildSettings = {
				ALWAYS_SEARCH_USER_PATHS = NO;
				ASSETCATALOG_COMPILER_GENERATE_SWIFT_ASSET_SYMBOL_EXTENSIONS = YES;
				CLANG_ANALYZER_NONNULL = YES;
				CLANG_ANALYZER_NUMBER_OBJECT_CONVERSION = YES_AGGRESSIVE;
				CLANG_CXX_LANGUAGE_STANDARD = "gnu++20";
				CLANG_ENABLE_MODULES = YES;
				CLANG_ENABLE_OBJC_ARC = YES;
				CLANG_ENABLE_OBJC_WEAK = YES;
				CLANG_WARN_BLOCK_CAPTURE_AUTORELEASING = YES;
				CLANG_WARN_BOOL_CONVERSION = YES;
				CLANG_WARN_COMMA = YES;
				CLANG_WARN_CONSTANT_CONVERSION = YES;
				CLANG_WARN_DEPRECATED_OBJC_IMPLEMENTATIONS = YES;
				CLANG_WARN_DIRECT_OBJC_ISA_USAGE = YES_ERROR;
				CLANG_WARN_DOCUMENTATION_COMMENTS = YES;
				CLANG_WARN_EMPTY_BODY = YES;
				CLANG_WARN_ENUM_CONVERSION = YES;
				CLANG_WARN_INFINITE_RECURSION = YES;
				CLANG_WARN_INT_CONVERSION = YES;
				CLANG_WARN_NON_LITERAL_NULL_CONVERSION = YES;
				CLANG_WARN_OBJC_IMPLICIT_RETAIN_SELF = YES;
				CLANG_WARN_OBJC_LITERAL_CONVERSION = YES;
				CLANG_WARN_OBJC_ROOT_CLASS = YES_ERROR;
				CLANG_WARN_QUOTED_INCLUDE_IN_FRAMEWORK_HEADER = YES;
				CLANG_WARN_RANGE_LOOP_ANALYSIS = YES;
				CLANG_WARN_STRICT_PROTOTYPES = YES;
				CLANG_WARN_SUSPICIOUS_MOVE = YES;
				CLANG_WARN_UNGUARDED_AVAILABILITY = YES_AGGRESSIVE;
				CLANG_WARN_UNREACHABLE_CODE = YES;
				CLANG_WARN__DUPLICATE_METHOD_MATCH = YES;
				COPY_PHASE_STRIP = NO;
				DEAD_CODE_STRIPPING = YES;
				DEBUG_INFORMATION_FORMAT = dwarf;
				ENABLE_STRICT_OBJC_MSGSEND = YES;
				ENABLE_TESTABILITY = YES;
				ENABLE_USER_SCRIPT_SANDBOXING = YES;
				GCC_C_LANGUAGE_STANDARD = gnu17;
				GCC_DYNAMIC_NO_PIC = NO;
				GCC_NO_COMMON_BLOCKS = YES;
				GCC_OPTIMIZATION_LEVEL = 0;
				GCC_PREPROCESSOR_DEFINITIONS = (
					"DEBUG=1",
					"$(inherited)",
				);
				GCC_WARN_64_TO_32_BIT_CONVERSION = YES;
				GCC_WARN_ABOUT_RETURN_TYPE = YES_ERROR;
				GCC_WARN_UNDECLARED_SELECTOR = YES;
				GCC_WARN_UNINITIALIZED_AUTOS = YES_AGGRESSIVE;
				GCC_WARN_UNUSED_FUNCTION = YES;
				GCC_WARN_UNUSED_VARIABLE = YES;
				LOCALIZATION_PREFERS_STRING_CATALOGS = YES;
				MTL_ENABLE_DEBUG_INFO = INCLUDE_SOURCE;
				MTL_FAST_MATH = YES;
				ONLY_ACTIVE_ARCH = YES;
				SWIFT_ACTIVE_COMPILATION_CONDITIONS = "DEBUG $(inherited)";
				SWIFT_OPTIMIZATION_LEVEL = "-Onone";
			};
			name = Debug;
		};
		0BB308482BE94A0100EB2494 /* Release */ = {
			isa = XCBuildConfiguration;
			buildSettings = {
				ALWAYS_SEARCH_USER_PATHS = NO;
				ASSETCATALOG_COMPILER_GENERATE_SWIFT_ASSET_SYMBOL_EXTENSIONS = YES;
				CLANG_ANALYZER_NONNULL = YES;
				CLANG_ANALYZER_NUMBER_OBJECT_CONVERSION = YES_AGGRESSIVE;
				CLANG_CXX_LANGUAGE_STANDARD = "gnu++20";
				CLANG_ENABLE_MODULES = YES;
				CLANG_ENABLE_OBJC_ARC = YES;
				CLANG_ENABLE_OBJC_WEAK = YES;
				CLANG_WARN_BLOCK_CAPTURE_AUTORELEASING = YES;
				CLANG_WARN_BOOL_CONVERSION = YES;
				CLANG_WARN_COMMA = YES;
				CLANG_WARN_CONSTANT_CONVERSION = YES;
				CLANG_WARN_DEPRECATED_OBJC_IMPLEMENTATIONS = YES;
				CLANG_WARN_DIRECT_OBJC_ISA_USAGE = YES_ERROR;
				CLANG_WARN_DOCUMENTATION_COMMENTS = YES;
				CLANG_WARN_EMPTY_BODY = YES;
				CLANG_WARN_ENUM_CONVERSION = YES;
				CLANG_WARN_INFINITE_RECURSION = YES;
				CLANG_WARN_INT_CONVERSION = YES;
				CLANG_WARN_NON_LITERAL_NULL_CONVERSION = YES;
				CLANG_WARN_OBJC_IMPLICIT_RETAIN_SELF = YES;
				CLANG_WARN_OBJC_LITERAL_CONVERSION = YES;
				CLANG_WARN_OBJC_ROOT_CLASS = YES_ERROR;
				CLANG_WARN_QUOTED_INCLUDE_IN_FRAMEWORK_HEADER = YES;
				CLANG_WARN_RANGE_LOOP_ANALYSIS = YES;
				CLANG_WARN_STRICT_PROTOTYPES = YES;
				CLANG_WARN_SUSPICIOUS_MOVE = YES;
				CLANG_WARN_UNGUARDED_AVAILABILITY = YES_AGGRESSIVE;
				CLANG_WARN_UNREACHABLE_CODE = YES;
				CLANG_WARN__DUPLICATE_METHOD_MATCH = YES;
				COPY_PHASE_STRIP = NO;
				DEAD_CODE_STRIPPING = YES;
				DEBUG_INFORMATION_FORMAT = "dwarf-with-dsym";
				ENABLE_NS_ASSERTIONS = NO;
				ENABLE_STRICT_OBJC_MSGSEND = YES;
				ENABLE_USER_SCRIPT_SANDBOXING = YES;
				GCC_C_LANGUAGE_STANDARD = gnu17;
				GCC_NO_COMMON_BLOCKS = YES;
				GCC_WARN_64_TO_32_BIT_CONVERSION = YES;
				GCC_WARN_ABOUT_RETURN_TYPE = YES_ERROR;
				GCC_WARN_UNDECLARED_SELECTOR = YES;
				GCC_WARN_UNINITIALIZED_AUTOS = YES_AGGRESSIVE;
				GCC_WARN_UNUSED_FUNCTION = YES;
				GCC_WARN_UNUSED_VARIABLE = YES;
				LOCALIZATION_PREFERS_STRING_CATALOGS = YES;
				MTL_ENABLE_DEBUG_INFO = NO;
				MTL_FAST_MATH = YES;
				SWIFT_COMPILATION_MODE = wholemodule;
			};
			name = Release;
		};
		0BB3084A2BE94A0100EB2494 /* Debug */ = {
			isa = XCBuildConfiguration;
			buildSettings = {
				ASSETCATALOG_COMPILER_APPICON_NAME = AppIcon;
				ASSETCATALOG_COMPILER_GLOBAL_ACCENT_COLOR_NAME = AccentColor;
				CODE_SIGN_ENTITLEMENTS = Codec/Codec.entitlements;
				CODE_SIGN_STYLE = Automatic;
				CURRENT_PROJECT_VERSION = 1;
				DEAD_CODE_STRIPPING = YES;
				DEVELOPMENT_ASSET_PATHS = "\"Codec/Preview Content\"";
				DEVELOPMENT_TEAM = 25CX322JVS;
				ENABLE_PREVIEWS = YES;
				GENERATE_INFOPLIST_FILE = YES;
				INFOPLIST_FILE = Codec/Info.plist;
				INFOPLIST_KEY_CFBundleDisplayName = Codec;
				INFOPLIST_KEY_LSApplicationCategoryType = "public.app-category.entertainment";
				"INFOPLIST_KEY_UIApplicationSceneManifest_Generation[sdk=iphoneos*]" = YES;
				"INFOPLIST_KEY_UIApplicationSceneManifest_Generation[sdk=iphonesimulator*]" = YES;
				"INFOPLIST_KEY_UIApplicationSupportsIndirectInputEvents[sdk=iphoneos*]" = YES;
				"INFOPLIST_KEY_UIApplicationSupportsIndirectInputEvents[sdk=iphonesimulator*]" = YES;
				"INFOPLIST_KEY_UILaunchScreen_Generation[sdk=iphoneos*]" = YES;
				"INFOPLIST_KEY_UILaunchScreen_Generation[sdk=iphonesimulator*]" = YES;
				"INFOPLIST_KEY_UIStatusBarStyle[sdk=iphoneos*]" = UIStatusBarStyleDefault;
				"INFOPLIST_KEY_UIStatusBarStyle[sdk=iphonesimulator*]" = UIStatusBarStyleDefault;
				INFOPLIST_KEY_UISupportedInterfaceOrientations = UIInterfaceOrientationPortrait;
				INFOPLIST_KEY_UISupportedInterfaceOrientations_iPad = "UIInterfaceOrientationLandscapeLeft UIInterfaceOrientationLandscapeRight UIInterfaceOrientationPortrait UIInterfaceOrientationPortraitUpsideDown";
				IPHONEOS_DEPLOYMENT_TARGET = 17.4;
				LD_RUNPATH_SEARCH_PATHS = "@executable_path/Frameworks";
				"LD_RUNPATH_SEARCH_PATHS[sdk=macosx*]" = "@executable_path/../Frameworks";
				MARKETING_VERSION = 0.1.0;
				PRODUCT_BUNDLE_IDENTIFIER = com.trycodec.CodecApp;
				PRODUCT_NAME = "$(TARGET_NAME)";
				SDKROOT = auto;
				SUPPORTED_PLATFORMS = "iphoneos iphonesimulator";
				SUPPORTS_MACCATALYST = NO;
				SWIFT_EMIT_LOC_STRINGS = YES;
				SWIFT_VERSION = 5.0;
				TARGETED_DEVICE_FAMILY = "1,2";
			};
			name = Debug;
		};
		0BB3084B2BE94A0100EB2494 /* Release */ = {
			isa = XCBuildConfiguration;
			buildSettings = {
				ASSETCATALOG_COMPILER_APPICON_NAME = AppIcon;
				ASSETCATALOG_COMPILER_GLOBAL_ACCENT_COLOR_NAME = AccentColor;
				CODE_SIGN_ENTITLEMENTS = Codec/Codec.entitlements;
				CODE_SIGN_STYLE = Automatic;
				CURRENT_PROJECT_VERSION = 1;
				DEAD_CODE_STRIPPING = YES;
				DEVELOPMENT_ASSET_PATHS = "\"Codec/Preview Content\"";
				DEVELOPMENT_TEAM = 25CX322JVS;
				ENABLE_PREVIEWS = YES;
				GENERATE_INFOPLIST_FILE = YES;
				INFOPLIST_FILE = Codec/Info.plist;
				INFOPLIST_KEY_CFBundleDisplayName = Codec;
				INFOPLIST_KEY_LSApplicationCategoryType = "public.app-category.entertainment";
				"INFOPLIST_KEY_UIApplicationSceneManifest_Generation[sdk=iphoneos*]" = YES;
				"INFOPLIST_KEY_UIApplicationSceneManifest_Generation[sdk=iphonesimulator*]" = YES;
				"INFOPLIST_KEY_UIApplicationSupportsIndirectInputEvents[sdk=iphoneos*]" = YES;
				"INFOPLIST_KEY_UIApplicationSupportsIndirectInputEvents[sdk=iphonesimulator*]" = YES;
				"INFOPLIST_KEY_UILaunchScreen_Generation[sdk=iphoneos*]" = YES;
				"INFOPLIST_KEY_UILaunchScreen_Generation[sdk=iphonesimulator*]" = YES;
				"INFOPLIST_KEY_UIStatusBarStyle[sdk=iphoneos*]" = UIStatusBarStyleDefault;
				"INFOPLIST_KEY_UIStatusBarStyle[sdk=iphonesimulator*]" = UIStatusBarStyleDefault;
				INFOPLIST_KEY_UISupportedInterfaceOrientations = UIInterfaceOrientationPortrait;
				INFOPLIST_KEY_UISupportedInterfaceOrientations_iPad = "UIInterfaceOrientationLandscapeLeft UIInterfaceOrientationLandscapeRight UIInterfaceOrientationPortrait UIInterfaceOrientationPortraitUpsideDown";
				IPHONEOS_DEPLOYMENT_TARGET = 17.4;
				LD_RUNPATH_SEARCH_PATHS = "@executable_path/Frameworks";
				"LD_RUNPATH_SEARCH_PATHS[sdk=macosx*]" = "@executable_path/../Frameworks";
				MARKETING_VERSION = 0.1.0;
				PRODUCT_BUNDLE_IDENTIFIER = com.trycodec.CodecApp;
				PRODUCT_NAME = "$(TARGET_NAME)";
				SDKROOT = auto;
				SUPPORTED_PLATFORMS = "iphoneos iphonesimulator";
				SUPPORTS_MACCATALYST = NO;
				SWIFT_EMIT_LOC_STRINGS = YES;
				SWIFT_VERSION = 5.0;
				TARGETED_DEVICE_FAMILY = "1,2";
			};
			name = Release;
		};
/* End XCBuildConfiguration section */

/* Begin XCConfigurationList section */
		0BB308332BE94A0000EB2494 /* Build configuration list for PBXProject "Codec" */ = {
			isa = XCConfigurationList;
			buildConfigurations = (
				0BB308472BE94A0100EB2494 /* Debug */,
				0BB308482BE94A0100EB2494 /* Release */,
			);
			defaultConfigurationIsVisible = 0;
			defaultConfigurationName = Release;
		};
		0BB308492BE94A0100EB2494 /* Build configuration list for PBXNativeTarget "Codec" */ = {
			isa = XCConfigurationList;
			buildConfigurations = (
				0BB3084A2BE94A0100EB2494 /* Debug */,
				0BB3084B2BE94A0100EB2494 /* Release */,
			);
			defaultConfigurationIsVisible = 0;
			defaultConfigurationName = Release;
		};
/* End XCConfigurationList section */

/* Begin XCRemoteSwiftPackageReference section */
		0BC447A32BEC373800AD25AC /* XCRemoteSwiftPackageReference "ColorKit" */ = {
			isa = XCRemoteSwiftPackageReference;
			repositoryURL = "https://github.com/Boris-Em/ColorKit.git";
			requirement = {
				branch = master;
				kind = branch;
			};
		};
/* End XCRemoteSwiftPackageReference section */

/* Begin XCSwiftPackageProductDependency section */
		0B36D0102C3FB69E00C2C1D5 /* ColorKit */ = {
			isa = XCSwiftPackageProductDependency;
			package = 0BC447A32BEC373800AD25AC /* XCRemoteSwiftPackageReference "ColorKit" */;
			productName = ColorKit;
		};
/* End XCSwiftPackageProductDependency section */
	};
	rootObject = 0BB308302BE94A0000EB2494 /* Project object */;
}
